// !$*UTF8*$!
{
	archiveVersion = 1;
	classes = {
	};
	objectVersion = 45;
	objects = {

/* Begin PBXBuildFile section */
		5DBFE92A108B801F00C8A503 /* OBStack.h in Headers */ = {isa = PBXBuildFile; fileRef = 5DBFE928108B801F00C8A503 /* OBStack.h */; };
		5DBFE92B108B801F00C8A503 /* OBStack.m in Sources */ = {isa = PBXBuildFile; fileRef = 5DBFE929108B801F00C8A503 /* OBStack.m */; };
		5DBFE9A3108BA30300C8A503 /* Foundation.framework in Frameworks */ = {isa = PBXBuildFile; fileRef = AACBBE490F95108600F1A2B1 /* Foundation.framework */; };
		5DBFE9AB108BA32F00C8A503 /* OBStack.m in Sources */ = {isa = PBXBuildFile; fileRef = 5DBFE929108B801F00C8A503 /* OBStack.m */; };
		5DBFE9B7108BA3A500C8A503 /* OBStackTests.m in Sources */ = {isa = PBXBuildFile; fileRef = 5DBFE9B4108BA39100C8A503 /* OBStackTests.m */; };
		5DBFE9BC108BA3BB00C8A503 /* OBStack.h in Headers */ = {isa = PBXBuildFile; fileRef = 5DBFE928108B801F00C8A503 /* OBStack.h */; };
		5DBFE9BD108BA3BB00C8A503 /* OBStackTests.h in Headers */ = {isa = PBXBuildFile; fileRef = 5DBFE9B3108BA39100C8A503 /* OBStackTests.h */; };
		AA747D9F0F9514B9006C5449 /* OBStack_Prefix.pch in Headers */ = {isa = PBXBuildFile; fileRef = AA747D9E0F9514B9006C5449 /* OBStack_Prefix.pch */; };
		AACBBE4A0F95108600F1A2B1 /* Foundation.framework in Frameworks */ = {isa = PBXBuildFile; fileRef = AACBBE490F95108600F1A2B1 /* Foundation.framework */; };
/* End PBXBuildFile section */

/* Begin PBXContainerItemProxy section */
		5DBFE9A7108BA31500C8A503 /* PBXContainerItemProxy */ = {
			isa = PBXContainerItemProxy;
			containerPortal = 0867D690FE84028FC02AAC07 /* Project object */;
			proxyType = 1;
			remoteGlobalIDString = 5DBFE99A108BA2F400C8A503 /* OBStackTest */;
			remoteInfo = OBStackTest;
		};
/* End PBXContainerItemProxy section */

/* Begin PBXFileReference section */
		5DBFE928108B801F00C8A503 /* OBStack.h */ = {isa = PBXFileReference; fileEncoding = 4; lastKnownFileType = sourcecode.c.h; path = OBStack.h; sourceTree = "<group>"; };
		5DBFE929108B801F00C8A503 /* OBStack.m */ = {isa = PBXFileReference; fileEncoding = 4; lastKnownFileType = sourcecode.c.objc; path = OBStack.m; sourceTree = "<group>"; };
		5DBFE99B108BA2F400C8A503 /* OBStackTest.octest */ = {isa = PBXFileReference; explicitFileType = wrapper.cfbundle; includeInIndex = 0; name = OBStackTest.octest; path = "build/Debug-iphonesimulator/OBStackTest.octest"; sourceTree = "<group>"; };
		5DBFE99C108BA2F400C8A503 /* OBStackTest-Info.plist */ = {isa = PBXFileReference; lastKnownFileType = text.plist.xml; path = "OBStackTest-Info.plist"; sourceTree = "<group>"; };
		5DBFE9B3108BA39100C8A503 /* OBStackTests.h */ = {isa = PBXFileReference; fileEncoding = 4; lastKnownFileType = sourcecode.c.h; path = OBStackTests.h; sourceTree = "<group>"; };
		5DBFE9B4108BA39100C8A503 /* OBStackTests.m */ = {isa = PBXFileReference; fileEncoding = 4; lastKnownFileType = sourcecode.c.objc; path = OBStackTests.m; sourceTree = "<group>"; };
		AA747D9E0F9514B9006C5449 /* OBStack_Prefix.pch */ = {isa = PBXFileReference; fileEncoding = 4; lastKnownFileType = sourcecode.c.h; path = OBStack_Prefix.pch; sourceTree = SOURCE_ROOT; };
		AACBBE490F95108600F1A2B1 /* Foundation.framework */ = {isa = PBXFileReference; lastKnownFileType = wrapper.framework; name = Foundation.framework; path = System/Library/Frameworks/Foundation.framework; sourceTree = SDKROOT; };
		D2AAC07E0554694100DB518D /* libOBStack.a */ = {isa = PBXFileReference; explicitFileType = archive.ar; includeInIndex = 0; path = libOBStack.a; sourceTree = BUILT_PRODUCTS_DIR; };
/* End PBXFileReference section */

/* Begin PBXFrameworksBuildPhase section */
		5DBFE998108BA2F400C8A503 /* Frameworks */ = {
			isa = PBXFrameworksBuildPhase;
			buildActionMask = 2147483647;
			files = (
				5DBFE9A3108BA30300C8A503 /* Foundation.framework in Frameworks */,
			);
			runOnlyForDeploymentPostprocessing = 0;
		};
		D2AAC07C0554694100DB518D /* Frameworks */ = {
			isa = PBXFrameworksBuildPhase;
			buildActionMask = 2147483647;
			files = (
				AACBBE4A0F95108600F1A2B1 /* Foundation.framework in Frameworks */,
			);
			runOnlyForDeploymentPostprocessing = 0;
		};
/* End PBXFrameworksBuildPhase section */

/* Begin PBXGroup section */
		034768DFFF38A50411DB9C8B /* Products */ = {
			isa = PBXGroup;
			children = (
				D2AAC07E0554694100DB518D /* libOBStack.a */,
				5DBFE99B108BA2F400C8A503 /* OBStackTest.octest */,
			);
			name = Products;
			sourceTree = "<group>";
		};
		0867D691FE84028FC02AAC07 /* OBStack */ = {
			isa = PBXGroup;
			children = (
				08FB77AEFE84172EC02AAC07 /* Classes */,
				5DBFE9B2108BA35700C8A503 /* Unit Tests */,
				32C88DFF0371C24200C91783 /* Other Sources */,
				0867D69AFE84028FC02AAC07 /* Frameworks */,
				034768DFFF38A50411DB9C8B /* Products */,
				5DBFE99C108BA2F400C8A503 /* OBStackTest-Info.plist */,
			);
			name = OBStack;
			sourceTree = "<group>";
		};
		0867D69AFE84028FC02AAC07 /* Frameworks */ = {
			isa = PBXGroup;
			children = (
				AACBBE490F95108600F1A2B1 /* Foundation.framework */,
			);
			name = Frameworks;
			sourceTree = "<group>";
		};
		08FB77AEFE84172EC02AAC07 /* Classes */ = {
			isa = PBXGroup;
			children = (
				5DBFE928108B801F00C8A503 /* OBStack.h */,
				5DBFE929108B801F00C8A503 /* OBStack.m */,
			);
			name = Classes;
			sourceTree = "<group>";
		};
		32C88DFF0371C24200C91783 /* Other Sources */ = {
			isa = PBXGroup;
			children = (
				AA747D9E0F9514B9006C5449 /* OBStack_Prefix.pch */,
			);
			name = "Other Sources";
			sourceTree = "<group>";
		};
		5DBFE9B2108BA35700C8A503 /* Unit Tests */ = {
			isa = PBXGroup;
			children = (
				5DBFE9B3108BA39100C8A503 /* OBStackTests.h */,
				5DBFE9B4108BA39100C8A503 /* OBStackTests.m */,
			);
			path = "Unit Tests";
			sourceTree = "<group>";
		};
/* End PBXGroup section */

/* Begin PBXHeadersBuildPhase section */
		5DBFE9BE108BA3D900C8A503 /* Headers */ = {
			isa = PBXHeadersBuildPhase;
			buildActionMask = 2147483647;
			files = (
				5DBFE9BC108BA3BB00C8A503 /* OBStack.h in Headers */,
				5DBFE9BD108BA3BB00C8A503 /* OBStackTests.h in Headers */,
			);
			runOnlyForDeploymentPostprocessing = 0;
		};
		D2AAC07A0554694100DB518D /* Headers */ = {
			isa = PBXHeadersBuildPhase;
			buildActionMask = 2147483647;
			files = (
				AA747D9F0F9514B9006C5449 /* OBStack_Prefix.pch in Headers */,
				5DBFE92A108B801F00C8A503 /* OBStack.h in Headers */,
			);
			runOnlyForDeploymentPostprocessing = 0;
		};
/* End PBXHeadersBuildPhase section */

/* Begin PBXNativeTarget section */
		5DBFE99A108BA2F400C8A503 /* OBStackTest */ = {
			isa = PBXNativeTarget;
			buildConfigurationList = 5DBFE9A2108BA2F500C8A503 /* Build configuration list for PBXNativeTarget "OBStackTest" */;
			buildPhases = (
				5DBFE9BE108BA3D900C8A503 /* Headers */,
				5DBFE997108BA2F400C8A503 /* Sources */,
				5DBFE998108BA2F400C8A503 /* Frameworks */,
				5DBFE999108BA2F400C8A503 /* ShellScript */,
			);
			buildRules = (
			);
			dependencies = (
			);
			name = OBStackTest;
			productName = OBStackTest;
			productReference = 5DBFE99B108BA2F400C8A503 /* OBStackTest.octest */;
			productType = "com.apple.product-type.bundle";
		};
		D2AAC07D0554694100DB518D /* OBStack (iPhone) */ = {
			isa = PBXNativeTarget;
			buildConfigurationList = 1DEB921E08733DC00010E9CD /* Build configuration list for PBXNativeTarget "OBStack (iPhone)" */;
			buildPhases = (
				D2AAC07A0554694100DB518D /* Headers */,
				D2AAC07B0554694100DB518D /* Sources */,
				D2AAC07C0554694100DB518D /* Frameworks */,
			);
			buildRules = (
			);
			dependencies = (
				5DBFE9A8108BA31500C8A503 /* PBXTargetDependency */,
			);
			name = "OBStack (iPhone)";
			productName = OBStack;
			productReference = D2AAC07E0554694100DB518D /* libOBStack.a */;
			productType = "com.apple.product-type.library.static";
		};
/* End PBXNativeTarget section */

/* Begin PBXProject section */
		0867D690FE84028FC02AAC07 /* Project object */ = {
			isa = PBXProject;
			buildConfigurationList = 1DEB922208733DC00010E9CD /* Build configuration list for PBXProject "OBStack" */;
			compatibilityVersion = "Xcode 3.1";
			hasScannedForEncodings = 1;
			mainGroup = 0867D691FE84028FC02AAC07 /* OBStack */;
			productRefGroup = 034768DFFF38A50411DB9C8B /* Products */;
			projectDirPath = "";
			projectRoot = "";
			targets = (
				D2AAC07D0554694100DB518D /* OBStack (iPhone) */,
				5DBFE99A108BA2F400C8A503 /* OBStackTest */,
			);
		};
/* End PBXProject section */

/* Begin PBXShellScriptBuildPhase section */
		5DBFE999108BA2F400C8A503 /* ShellScript */ = {
			isa = PBXShellScriptBuildPhase;
			buildActionMask = 2147483647;
			files = (
			);
			inputPaths = (
			);
			outputPaths = (
			);
			runOnlyForDeploymentPostprocessing = 0;
			shellPath = /bin/sh;
			shellScript = "# Run the unit tests in this test bundle.\n\"${SYSTEM_DEVELOPER_DIR}/Tools/RunUnitTests\"\n";
		};
/* End PBXShellScriptBuildPhase section */

/* Begin PBXSourcesBuildPhase section */
		5DBFE997108BA2F400C8A503 /* Sources */ = {
			isa = PBXSourcesBuildPhase;
			buildActionMask = 2147483647;
			files = (
				5DBFE9B7108BA3A500C8A503 /* OBStackTests.m in Sources */,
				5DBFE9AB108BA32F00C8A503 /* OBStack.m in Sources */,
			);
			runOnlyForDeploymentPostprocessing = 0;
		};
		D2AAC07B0554694100DB518D /* Sources */ = {
			isa = PBXSourcesBuildPhase;
			buildActionMask = 2147483647;
			files = (
				5DBFE92B108B801F00C8A503 /* OBStack.m in Sources */,
			);
			runOnlyForDeploymentPostprocessing = 0;
		};
/* End PBXSourcesBuildPhase section */

/* Begin PBXTargetDependency section */
		5DBFE9A8108BA31500C8A503 /* PBXTargetDependency */ = {
			isa = PBXTargetDependency;
			target = 5DBFE99A108BA2F400C8A503 /* OBStackTest */;
			targetProxy = 5DBFE9A7108BA31500C8A503 /* PBXContainerItemProxy */;
		};
/* End PBXTargetDependency section */

/* Begin XCBuildConfiguration section */
		1DEB921F08733DC00010E9CD /* Debug */ = {
			isa = XCBuildConfiguration;
			buildSettings = {
				ALWAYS_SEARCH_USER_PATHS = NO;
				ARCHS = "$(ARCHS_STANDARD_32_BIT)";
				COPY_PHASE_STRIP = NO;
				DSTROOT = /tmp/OBStack.dst;
				GCC_DYNAMIC_NO_PIC = NO;
				GCC_ENABLE_FIX_AND_CONTINUE = YES;
				GCC_MODEL_TUNING = G5;
				GCC_OPTIMIZATION_LEVEL = 0;
				GCC_PRECOMPILE_PREFIX_HEADER = YES;
				GCC_PREFIX_HEADER = OBStack_Prefix.pch;
				INSTALL_PATH = /usr/local/lib;
				PRODUCT_NAME = OBStack;
			};
			name = Debug;
		};
		1DEB922008733DC00010E9CD /* Release */ = {
			isa = XCBuildConfiguration;
			buildSettings = {
				ALWAYS_SEARCH_USER_PATHS = NO;
				ARCHS = "$(ARCHS_STANDARD_32_BIT)";
				DSTROOT = /tmp/OBStack.dst;
				GCC_MODEL_TUNING = G5;
				GCC_PRECOMPILE_PREFIX_HEADER = YES;
				GCC_PREFIX_HEADER = OBStack_Prefix.pch;
				INSTALL_PATH = /usr/local/lib;
				PRODUCT_NAME = OBStack;
			};
			name = Release;
		};
		1DEB922308733DC00010E9CD /* Debug */ = {
			isa = XCBuildConfiguration;
			buildSettings = {
				ARCHS = "$(ARCHS_STANDARD_32_BIT)";
				GCC_C_LANGUAGE_STANDARD = c99;
				GCC_OPTIMIZATION_LEVEL = 0;
				GCC_WARN_ABOUT_RETURN_TYPE = YES;
				GCC_WARN_UNUSED_VARIABLE = YES;
				OTHER_LDFLAGS = "-ObjC";
				PREBINDING = NO;
				SDKROOT = iphoneos3.1;
			};
			name = Debug;
		};
		1DEB922408733DC00010E9CD /* Release */ = {
			isa = XCBuildConfiguration;
			buildSettings = {
				ARCHS = "$(ARCHS_STANDARD_32_BIT)";
				GCC_C_LANGUAGE_STANDARD = c99;
				GCC_WARN_ABOUT_RETURN_TYPE = YES;
				GCC_WARN_UNUSED_VARIABLE = YES;
				OTHER_LDFLAGS = "-ObjC";
				PREBINDING = NO;
				SDKROOT = iphoneos3.1;
			};
			name = Release;
		};
		5DBFE9A0108BA2F500C8A503 /* Debug */ = {
			isa = XCBuildConfiguration;
			buildSettings = {
				ALWAYS_SEARCH_USER_PATHS = NO;
				COPY_PHASE_STRIP = NO;
				FRAMEWORK_SEARCH_PATHS = (
					"\"$(SDKROOT)/Developer/Library/Frameworks\"",
					"\"$(DEVELOPER_LIBRARY_DIR)/Frameworks\"",
				);
				GCC_DYNAMIC_NO_PIC = NO;
				GCC_ENABLE_FIX_AND_CONTINUE = NO;
				GCC_ENABLE_OBJC_EXCEPTIONS = YES;
				GCC_OPTIMIZATION_LEVEL = 0;
				INFOPLIST_FILE = "OBStackTest-Info.plist";
				OTHER_LDFLAGS = (
					"-framework",
					Foundation,
					"-framework",
					SenTestingKit,
					"-framework",
					UIKit,
				);
				PREBINDING = NO;
				PRODUCT_NAME = OBStackTest;
				WRAPPER_EXTENSION = octest;
			};
			name = Debug;
		};
		5DBFE9A1108BA2F500C8A503 /* Release */ = {
			isa = XCBuildConfiguration;
			buildSettings = {
				ALWAYS_SEARCH_USER_PATHS = NO;
				COPY_PHASE_STRIP = YES;
				DEBUG_INFORMATION_FORMAT = "dwarf-with-dsym";
				FRAMEWORK_SEARCH_PATHS = (
					"\"$(SDKROOT)/Developer/Library/Frameworks\"",
					"\"$(DEVELOPER_LIBRARY_DIR)/Frameworks\"",
				);
				GCC_ENABLE_FIX_AND_CONTINUE = NO;
				GCC_ENABLE_OBJC_EXCEPTIONS = YES;
				INFOPLIST_FILE = "OBStackTest-Info.plist";
				OTHER_LDFLAGS = (
					"-framework",
					Foundation,
					"-framework",
					SenTestingKit,
					"-framework",
					UIKit,
				);
				PREBINDING = NO;
				PRODUCT_NAME = OBStackTest;
				WRAPPER_EXTENSION = octest;
				ZERO_LINK = NO;
			};
			name = Release;
		};
/* End XCBuildConfiguration section */

/* Begin XCConfigurationList section */
		1DEB921E08733DC00010E9CD /* Build configuration list for PBXNativeTarget "OBStack (iPhone)" */ = {
			isa = XCConfigurationList;
			buildConfigurations = (
				1DEB921F08733DC00010E9CD /* Debug */,
				1DEB922008733DC00010E9CD /* Release */,
			);
			defaultConfigurationIsVisible = 0;
			defaultConfigurationName = Release;
		};
		1DEB922208733DC00010E9CD /* Build configuration list for PBXProject "OBStack" */ = {
			isa = XCConfigurationList;
			buildConfigurations = (
				1DEB922308733DC00010E9CD /* Debug */,
				1DEB922408733DC00010E9CD /* Release */,
			);
			defaultConfigurationIsVisible = 0;
			defaultConfigurationName = Release;
		};
		5DBFE9A2108BA2F500C8A503 /* Build configuration list for PBXNativeTarget "OBStackTest" */ = {
			isa = XCConfigurationList;
			buildConfigurations = (
				5DBFE9A0108BA2F500C8A503 /* Debug */,
				5DBFE9A1108BA2F500C8A503 /* Release */,
			);
			defaultConfigurationIsVisible = 0;
			defaultConfigurationName = Release;
		};
/* End XCConfigurationList section */
	};
	rootObject = 0867D690FE84028FC02AAC07 /* Project object */;
}
